
Microsoft Visual Studio Solution File, Format Version 12.00
# Visual Studio Version 17
VisualStudioVersion = 17.14.37411.7
MinimumVisualStudioVersion = 10.0.40219.1
Project("{FAE04EC0-301F-11D3-BF4B-00C04F79EFBC}") = "dragWin", "dragWin.csproj", "{A8D18FB7-3873-EBAC-455F-5BDCAB824618}"
EndProject
Project("{FAE04EC0-301F-11D3-BF4B-00C04F79EFBC}") = "dragWin.ProtocolTests", "dragWin.ProtocolTests\dragWin.ProtocolTests.csproj", "{DDDD149A-A5AC-302B-758C-C49634CF8B78}"
EndProject
Global
	GlobalSection(SolutionConfigurationPlatforms) = preSolution
		Debug|Any CPU = Debug|Any CPU
		Release|Any CPU = Release|Any CPU
	EndGlobalSection
	GlobalSection(ProjectConfigurationPlatforms) = postSolution
		{A8D18FB7-3873-EBAC-455F-5BDCAB824618}.Debug|Any CPU.ActiveCfg = Debug|Any CPU
		{A8D18FB7-3873-EBAC-455F-5BDCAB824618}.Debug|Any CPU.Build.0 = Debug|Any CPU
		{A8D18FB7-3873-EBAC-455F-5BDCAB824618}.Release|Any CPU.ActiveCfg = Release|Any CPU
		{A8D18FB7-3873-EBAC-455F-5BDCAB824618}.Release|Any CPU.Build.0 = Release|Any CPU
		{DDDD149A-A5AC-302B-758C-C49634CF8B78}.Debug|Any CPU.ActiveCfg = Debug|Any CPU
		{DDDD149A-A5AC-302B-758C-C49634CF8B78}.Debug|Any CPU.Build.0 = Debug|Any CPU
		{DDDD149A-A5AC-302B-758C-C49634CF8B78}.Release|Any CPU.ActiveCfg = Release|Any CPU
		{DDDD149A-A5AC-302B-758C-C49634CF8B78}.Release|Any CPU.Build.0 = Release|Any CPU
	EndGlobalSection
	GlobalSection(SolutionProperties) = preSolution
		HideSolutionNode = FALSE
	EndGlobalSection
	GlobalSection(ExtensibilityGlobals) = postSolution
		SolutionGuid = {7C960E62-FC16-496A-B27F-BC7B849482F9}
	EndGlobalSection
EndGlobal
